
Microsoft Visual Studio Solution File, Format Version 12.00
# Visual Studio Version 16
VisualStudioVersion = 16.0.29806.167
MinimumVisualStudioVersion = 10.0.40219.1
Project("{8BC9CEB8-8B4A-11D0-8D11-00A0C91BC942}") = "Lab1", "Lab1\Lab1.vcxproj", "{F213D25E-781C-49DF-8BC1-52095B153103}"
EndProject
Project("{8BC9CEB8-8B4A-11D0-8D11-00A0C91BC942}") = "Lab2", "Lab2\Lab2.vcxproj", "{92202D16-23F1-4265-8969-C0D6E7009FFD}"
EndProject
Global
	GlobalSection(SolutionConfigurationPlatforms) = preSolution
		Debug|x64 = Debug|x64
		Debug|x86 = Debug|x86
		Release|x64 = Release|x64
		Release|x86 = Release|x86
	EndGlobalSection
	GlobalSection(ProjectConfigurationPlatforms) = postSolution
		{F213D25E-781C-49DF-8BC1-52095B153103}.Debug|x64.ActiveCfg = Debug|x64
		{F213D25E-781C-49DF-8BC1-52095B153103}.Debug|x64.Build.0 = Debug|x64
		{F213D25E-781C-49DF-8BC1-52095B153103}.Debug|x86.ActiveCfg = Debug|Win32
		{F213D25E-781C-49DF-8BC1-52095B153103}.Debug|x86.Build.0 = Debug|Win32
		{F213D25E-781C-49DF-8BC1-52095B153103}.Release|x64.ActiveCfg = Release|x64
		{F213D25E-781C-49DF-8BC1-52095B153103}.Release|x64.Build.0 = Release|x64
		{F213D25E-781C-49DF-8BC1-52095B153103}.Release|x86.ActiveCfg = Release|Win32
		{F213D25E-781C-49DF-8BC1-52095B153103}.Release|x86.Build.0 = Release|Win32
		{92202D16-23F1-4265-8969-C0D6E7009FFD}.Debug|x64.ActiveCfg = Debug|x64
		{92202D16-23F1-4265-8969-C0D6E7009FFD}.Debug|x64.Build.0 = Debug|x64
		{92202D16-23F1-4265-8969-C0D6E7009FFD}.Debug|x86.ActiveCfg = Debug|Win32
		{92202D16-23F1-4265-8969-C0D6E7009FFD}.Debug|x86.Build.0 = Debug|Win32
		{92202D16-23F1-4265-8969-C0D6E7009FFD}.Release|x64.ActiveCfg = Release|x64
		{92202D16-23F1-4265-8969-C0D6E7009FFD}.Release|x64.Build.0 = Release|x64
		{92202D16-23F1-4265-8969-C0D6E7009FFD}.Release|x86.ActiveCfg = Release|Win32
		{92202D16-23F1-4265-8969-C0D6E7009FFD}.Release|x86.Build.0 = Release|Win32
	EndGlobalSection
	GlobalSection(SolutionProperties) = preSolution
		HideSolutionNode = FALSE
	EndGlobalSection
	GlobalSection(ExtensibilityGlobals) = postSolution
		SolutionGuid = {C909D078-0FAA-47DA-9DE5-2924C0E90232}
	EndGlobalSection
EndGlobal
